{
  "name": "wepy-templ",
  "version": "0.0.2",
  "lockfileVersion": 1,
  "requires": true,
  "dependencies": {
    "babel-code-frame": {
      "version": "6.26.0",
      "resolved": "http://registry.npm.taobao.org/babel-code-frame/download/babel-code-frame-6.26.0.tgz",
      "dev": true,
      "requires": {
        "js-tokens": "^3.0.2"
      },
      "dependencies": {
        "chalk": {
          "version": "http://registry.npm.taobao.org/chalk/download/chalk-1.1.3.tgz?cache=0&other_urls=http%3A%2F%2Fregistry.npm.taobao.org%2Fchalk%2Fdownload%2Fchalk-1.1.3.tgz",
          "bundled": true
        },
        "esutils": {
          "version": "http://registry.npm.taobao.org/esutils/download/esutils-2.0.2.tgz",
          "bundled": true
        },
        "js-tokens": {
          "version": "3.0.2",
          "resolved": "http://registry.npm.taobao.org/js-tokens/download/js-tokens-3.0.2.tgz",
          "integrity": "sha1-mGbfOVECEw449/mWvOtlRDIJwls=",
          "dev": true
        }
      }
    },
    "babel-eslint": {
      "version": "7.2.3",
      "resolved": "http://registry.npm.taobao.org/babel-eslint/download/babel-eslint-7.2.3.tgz",
      "dev": true,
      "requires": {
        "babel-code-frame": "^6.22.0",
        "babylon": "^6.17.0"
      },
      "dependencies": {
        "babel-code-frame": {
          "version": "http://registry.npm.taobao.org/babel-code-frame/download/babel-code-frame-6.26.0.tgz",
          "bundled": true,
          "dependencies": {
            "chalk": {
              "version": "http://registry.npm.taobao.org/chalk/download/chalk-1.1.3.tgz?cache=0&other_urls=http%3A%2F%2Fregistry.npm.taobao.org%2Fchalk%2Fdownload%2Fchalk-1.1.3.tgz",
              "bundled": true
            },
            "esutils": {
              "version": "http://registry.npm.taobao.org/esutils/download/esutils-2.0.2.tgz",
              "bundled": true
            }
          }
        },
        "babel-traverse": {
          "version": "http://registry.npm.taobao.org/babel-traverse/download/babel-traverse-6.26.0.tgz",
          "bundled": true
        },
        "babel-types": {
          "version": "http://registry.npm.taobao.org/babel-types/download/babel-types-6.26.0.tgz",
          "bundled": true
        },
        "babylon": {
          "version": "6.18.0",
          "resolved": "http://registry.npm.taobao.org/babylon/download/babylon-6.18.0.tgz",
          "integrity": "sha1-ry87iPpvXB5MY00aD46sT1WzleM=",
          "dev": true
        }
      }
    },
    "babel-plugin-syntax-object-rest-spread": {
      "version": "6.13.0",
      "resolved": "http://registry.npm.taobao.org/babel-plugin-syntax-object-rest-spread/download/babel-plugin-syntax-object-rest-spread-6.13.0.tgz",
      "dev": true
    },
    "babel-plugin-transform-async-to-generator": {
      "version": "6.24.1",
      "resolved": "http://registry.npm.taobao.org/babel-plugin-transform-async-to-generator/download/babel-plugin-transform-async-to-generator-6.24.1.tgz",
      "dev": true,
      "dependencies": {
        "babel-helper-remap-async-to-generator": {
          "version": "http://registry.npm.taobao.org/babel-helper-remap-async-to-generator/download/babel-helper-remap-async-to-generator-6.24.1.tgz",
          "bundled": true
        },
        "babel-plugin-syntax-async-functions": {
          "version": "http://registry.npm.taobao.org/babel-plugin-syntax-async-functions/download/babel-plugin-syntax-async-functions-6.13.0.tgz",
          "bundled": true
        },
        "babel-runtime": {
          "version": "http://registry.npm.taobao.org/babel-runtime/download/babel-runtime-6.26.0.tgz",
          "bundled": true
        }
      }
    },
    "babel-plugin-transform-class-properties": {
      "version": "6.24.1",
      "resolved": "http://registry.npm.taobao.org/babel-plugin-transform-class-properties/download/babel-plugin-transform-class-properties-6.24.1.tgz",
      "dev": true,
      "dependencies": {
        "babel-helper-function-name": {
          "version": "http://registry.npm.taobao.org/babel-helper-function-name/download/babel-helper-function-name-6.24.1.tgz",
          "bundled": true,
          "dependencies": {
            "babel-helper-get-function-arity": {
              "version": "http://registry.npm.taobao.org/babel-helper-get-function-arity/download/babel-helper-get-function-arity-6.24.1.tgz",
              "bundled": true
            },
            "babel-runtime": {
              "version": "http://registry.npm.taobao.org/babel-runtime/download/babel-runtime-6.26.0.tgz",
              "bundled": true
            },
            "babel-template": {
              "version": "http://registry.npm.taobao.org/babel-template/download/babel-template-6.26.0.tgz",
              "bundled": true
            },
            "babel-traverse": {
              "version": "http://registry.npm.taobao.org/babel-traverse/download/babel-traverse-6.26.0.tgz",
              "bundled": true
            },
            "babel-types": {
              "version": "http://registry.npm.taobao.org/babel-types/download/babel-types-6.26.0.tgz",
              "bundled": true
            }
          }
        },
        "babel-plugin-syntax-class-properties": {
          "version": "http://registry.npm.taobao.org/babel-plugin-syntax-class-properties/download/babel-plugin-syntax-class-properties-6.13.0.tgz",
          "bundled": true
        },
        "babel-runtime": {
          "version": "http://registry.npm.taobao.org/babel-runtime/download/babel-runtime-6.26.0.tgz",
          "bundled": true
        },
        "babel-template": {
          "version": "http://registry.npm.taobao.org/babel-template/download/babel-template-6.26.0.tgz",
          "bundled": true
        }
      }
    },
    "babel-plugin-transform-decorators-legacy": {
      "version": "1.3.5",
      "resolved": "http://registry.npm.taobao.org/babel-plugin-transform-decorators-legacy/download/babel-plugin-transform-decorators-legacy-1.3.5.tgz",
      "dev": true,
      "dependencies": {
        "babel-plugin-syntax-decorators": {
          "version": "http://registry.npm.taobao.org/babel-plugin-syntax-decorators/download/babel-plugin-syntax-decorators-6.13.0.tgz",
          "bundled": true
        },
        "babel-runtime": {
          "version": "http://registry.npm.taobao.org/babel-runtime/download/babel-runtime-6.26.0.tgz",
          "bundled": true
        },
        "babel-template": {
          "version": "http://registry.npm.taobao.org/babel-template/download/babel-template-6.26.0.tgz",
          "bundled": true
        }
      }
    },
    "babel-plugin-transform-es2015-computed-properties": {
      "version": "6.24.1",
      "resolved": "http://registry.npm.taobao.org/babel-plugin-transform-es2015-computed-properties/download/babel-plugin-transform-es2015-computed-properties-6.24.1.tgz",
      "dev": true,
      "dependencies": {
        "babel-runtime": {
          "version": "http://registry.npm.taobao.org/babel-runtime/download/babel-runtime-6.26.0.tgz",
          "bundled": true
        },
        "babel-template": {
          "version": "http://registry.npm.taobao.org/babel-template/download/babel-template-6.26.0.tgz",
          "bundled": true
        }
      }
    },
    "babel-plugin-transform-es2015-destructuring": {
      "version": "6.23.0",
      "resolved": "http://registry.npm.taobao.org/babel-plugin-transform-es2015-destructuring/download/babel-plugin-transform-es2015-destructuring-6.23.0.tgz",
      "dev": true,
      "dependencies": {
        "babel-runtime": {
          "version": "http://registry.npm.taobao.org/babel-runtime/download/babel-runtime-6.26.0.tgz",
          "bundled": true
        }
      }
    },
    "babel-plugin-transform-es2015-function-name": {
      "version": "6.24.1",
      "resolved": "http://registry.npm.taobao.org/babel-plugin-transform-es2015-function-name/download/babel-plugin-transform-es2015-function-name-6.24.1.tgz",
      "dev": true,
      "dependencies": {
        "babel-helper-function-name": {
          "version": "http://registry.npm.taobao.org/babel-helper-function-name/download/babel-helper-function-name-6.24.1.tgz",
          "bundled": true,
          "dependencies": {
            "babel-helper-get-function-arity": {
              "version": "http://registry.npm.taobao.org/babel-helper-get-function-arity/download/babel-helper-get-function-arity-6.24.1.tgz",
              "bundled": true
            },
            "babel-runtime": {
              "version": "http://registry.npm.taobao.org/babel-runtime/download/babel-runtime-6.26.0.tgz",
              "bundled": true
            },
            "babel-template": {
              "version": "http://registry.npm.taobao.org/babel-template/download/babel-template-6.26.0.tgz",
              "bundled": true
            },
            "babel-traverse": {
              "version": "http://registry.npm.taobao.org/babel-traverse/download/babel-traverse-6.26.0.tgz",
              "bundled": true
            },
            "babel-types": {
              "version": "http://registry.npm.taobao.org/babel-types/download/babel-types-6.26.0.tgz",
              "bundled": true
            }
          }
        },
        "babel-runtime": {
          "version": "http://registry.npm.taobao.org/babel-runtime/download/babel-runtime-6.26.0.tgz",
          "bundled": true
        },
        "babel-types": {
          "version": "http://registry.npm.taobao.org/babel-types/download/babel-types-6.26.0.tgz",
          "bundled": true
        }
      }
    },
    "babel-plugin-transform-es2015-modules-umd": {
      "version": "6.24.1",
      "resolved": "http://registry.npm.taobao.org/babel-plugin-transform-es2015-modules-umd/download/babel-plugin-transform-es2015-modules-umd-6.24.1.tgz",
      "dev": true,
      "dependencies": {
        "babel-plugin-transform-es2015-modules-amd": {
          "version": "http://registry.npm.taobao.org/babel-plugin-transform-es2015-modules-amd/download/babel-plugin-transform-es2015-modules-amd-6.24.1.tgz",
          "bundled": true,
          "dependencies": {
            "babel-plugin-transform-es2015-modules-commonjs": {
              "version": "http://registry.npm.taobao.org/babel-plugin-transform-es2015-modules-commonjs/download/babel-plugin-transform-es2015-modules-commonjs-6.26.2.tgz"
            }
          }
        },
        "babel-runtime": {
          "version": "http://registry.npm.taobao.org/babel-runtime/download/babel-runtime-6.26.0.tgz",
          "bundled": true
        },
        "babel-template": {
          "version": "http://registry.npm.taobao.org/babel-template/download/babel-template-6.26.0.tgz",
          "bundled": true
        }
      }
    },
    "babel-plugin-transform-es2015-sticky-regex": {
      "version": "6.24.1",
      "resolved": "http://registry.npm.taobao.org/babel-plugin-transform-es2015-sticky-regex/download/babel-plugin-transform-es2015-sticky-regex-6.24.1.tgz",
      "dev": true,
      "dependencies": {
        "babel-helper-regex": {
          "version": "http://registry.npm.taobao.org/babel-helper-regex/download/babel-helper-regex-6.26.0.tgz",
          "bundled": true
        },
        "babel-runtime": {
          "version": "http://registry.npm.taobao.org/babel-runtime/download/babel-runtime-6.26.0.tgz",
          "bundled": true
        },
        "babel-types": {
          "version": "http://registry.npm.taobao.org/babel-types/download/babel-types-6.26.0.tgz",
          "bundled": true
        }
      }
    },
    "babel-plugin-transform-export-extensions": {
      "version": "6.22.0",
      "resolved": "http://registry.npm.taobao.org/babel-plugin-transform-export-extensions/download/babel-plugin-transform-export-extensions-6.22.0.tgz",
      "dev": true
    },
    "babel-plugin-transform-object-rest-spread": {
      "version": "6.26.0",
      "resolved": "http://registry.npm.taobao.org/babel-plugin-transform-object-rest-spread/download/babel-plugin-transform-object-rest-spread-6.26.0.tgz",
      "dev": true,
      "requires": {
        "babel-plugin-syntax-object-rest-spread": "^6.8.0"
      }
    },
    "babel-preset-env": {
      "version": "1.7.0",
      "resolved": "http://registry.npm.taobao.org/babel-preset-env/download/babel-preset-env-1.7.0.tgz",
      "dev": true,
      "requires": {
        "babel-plugin-syntax-trailing-function-commas": "^6.22.0",
        "babel-plugin-transform-async-to-generator": "^6.22.0",
        "babel-plugin-transform-es2015-block-scoping": "^6.23.0",
        "babel-plugin-transform-es2015-computed-properties": "^6.22.0",
        "babel-plugin-transform-es2015-destructuring": "^6.23.0",
        "babel-plugin-transform-es2015-function-name": "^6.22.0",
        "babel-plugin-transform-es2015-literals": "^6.22.0",
        "babel-plugin-transform-es2015-modules-amd": "^6.22.0",
        "babel-plugin-transform-es2015-modules-commonjs": "^6.23.0",
        "babel-plugin-transform-es2015-modules-systemjs": "^6.23.0",
        "babel-plugin-transform-es2015-modules-umd": "^6.23.0",
        "babel-plugin-transform-es2015-shorthand-properties": "^6.22.0",
        "babel-plugin-transform-es2015-spread": "^6.22.0",
        "babel-plugin-transform-es2015-sticky-regex": "^6.22.0",
        "babel-plugin-transform-es2015-template-literals": "^6.22.0",
        "babel-plugin-transform-es2015-unicode-regex": "^6.22.0",
        "invariant": "^2.2.2",
        "semver": "^5.3.0"
      },
      "dependencies": {
        "babel-helper-hoist-variables": {
          "version": "6.24.1",
          "resolved": "http://registry.npm.taobao.org/babel-helper-hoist-variables/download/babel-helper-hoist-variables-6.24.1.tgz",
          "integrity": "sha1-HssnaJydJVE+rbyZFKc/VAi+enY=",
          "dev": true,
          "requires": {
            "babel-types": "^6.24.1"
          }
        },
        "babel-helper-regex": {
          "version": "6.26.0",
          "resolved": "http://registry.npm.taobao.org/babel-helper-regex/download/babel-helper-regex-6.26.0.tgz",
          "integrity": "sha1-MlxZ+QL4LyS3T6zu0DY5VPZJXnI=",
          "dev": true,
          "requires": {
            "babel-types": "^6.26.0",
            "lodash": "^4.17.4"
          }
        },
        "babel-messages": {
          "version": "6.23.0",
          "resolved": "http://registry.npm.taobao.org/babel-messages/download/babel-messages-6.23.0.tgz",
          "integrity": "sha1-8830cDhYA1sqKVHG7F7fbGLyYw4=",
          "dev": true
        },
        "babel-plugin-syntax-trailing-function-commas": {
          "version": "6.22.0",
          "resolved": "http://registry.npm.taobao.org/babel-plugin-syntax-trailing-function-commas/download/babel-plugin-syntax-trailing-function-commas-6.22.0.tgz",
          "integrity": "sha1-ugNgk3+NBuQBgKQ/4NVhb/9TLPM=",
          "dev": true
        },
        "babel-plugin-transform-es2015-block-scoping": {
          "version": "6.26.0",
          "resolved": "http://registry.npm.taobao.org/babel-plugin-transform-es2015-block-scoping/download/babel-plugin-transform-es2015-block-scoping-6.26.0.tgz",
          "integrity": "sha1-1w9SmcEwjQXBL0Y4E7CgnnOxiV8=",
          "dev": true,
          "requires": {
            "babel-template": "^6.26.0",
            "babel-traverse": "^6.26.0",
            "babel-types": "^6.26.0",
            "lodash": "^4.17.4"
          }
        },
        "babel-plugin-transform-es2015-literals": {
          "version": "6.22.0",
          "resolved": "http://registry.npm.taobao.org/babel-plugin-transform-es2015-literals/download/babel-plugin-transform-es2015-literals-6.22.0.tgz",
          "integrity": "sha1-T1SgLWzWbPkVKAAZox0xklN3yi4=",
          "dev": true
        },
        "babel-plugin-transform-es2015-modules-amd": {
          "version": "6.24.1",
          "resolved": "http://registry.npm.taobao.org/babel-plugin-transform-es2015-modules-amd/download/babel-plugin-transform-es2015-modules-amd-6.24.1.tgz",
          "integrity": "sha1-Oz5UAXI5hC1tGcMBHEvS8AoA0VQ=",
          "dev": true,
          "requires": {
            "babel-plugin-transform-es2015-modules-commonjs": "^6.24.1",
            "babel-template": "^6.24.1"
          }
        },
        "babel-plugin-transform-es2015-modules-commonjs": {
          "version": "6.26.2",
          "resolved": "http://registry.npm.taobao.org/babel-plugin-transform-es2015-modules-commonjs/download/babel-plugin-transform-es2015-modules-commonjs-6.26.2.tgz",
          "integrity": "sha1-WKeThjqefKhwvcWogRF/+sJ9tvM=",
          "dev": true,
          "requires": {
            "babel-template": "^6.26.0",
            "babel-types": "^6.26.0"
          }
        },
        "babel-plugin-transform-es2015-modules-systemjs": {
          "version": "6.24.1",
          "resolved": "http://registry.npm.taobao.org/babel-plugin-transform-es2015-modules-systemjs/download/babel-plugin-transform-es2015-modules-systemjs-6.24.1.tgz",
          "integrity": "sha1-/4mhQrkRmpBhlfXxBuzzBdlAfSM=",
          "dev": true,
          "requires": {
            "babel-helper-hoist-variables": "^6.24.1",
            "babel-template": "^6.24.1"
          }
        },
        "babel-plugin-transform-es2015-shorthand-properties": {
          "version": "6.24.1",
          "resolved": "http://registry.npm.taobao.org/babel-plugin-transform-es2015-shorthand-properties/download/babel-plugin-transform-es2015-shorthand-properties-6.24.1.tgz",
          "integrity": "sha1-JPh11nIch2YbvZmkYi5R8U3jiqA=",
          "dev": true,
          "requires": {
            "babel-types": "^6.24.1"
          }
        },
        "babel-plugin-transform-es2015-spread": {
          "version": "6.22.0",
          "resolved": "http://registry.npm.taobao.org/babel-plugin-transform-es2015-spread/download/babel-plugin-transform-es2015-spread-6.22.0.tgz",
          "integrity": "sha1-1taKmfia7cRTbIGlQujdnxdG+NE=",
          "dev": true
        },
        "babel-plugin-transform-es2015-template-literals": {
          "version": "6.22.0",
          "resolved": "http://registry.npm.taobao.org/babel-plugin-transform-es2015-template-literals/download/babel-plugin-transform-es2015-template-literals-6.22.0.tgz",
          "integrity": "sha1-qEs0UPfp+PH2g51taH2oS7EjbY0=",
          "dev": true
        },
        "babel-plugin-transform-es2015-unicode-regex": {
          "version": "6.24.1",
          "resolved": "http://registry.npm.taobao.org/babel-plugin-transform-es2015-unicode-regex/download/babel-plugin-transform-es2015-unicode-regex-6.24.1.tgz",
          "integrity": "sha1-04sS9C6nMj9yk4fxinxa4frrNek=",
          "dev": true,
          "requires": {
            "babel-helper-regex": "^6.24.1",
            "regexpu-core": "^2.0.0"
          }
        },
        "babel-template": {
          "version": "6.26.0",
          "resolved": "http://registry.npm.taobao.org/babel-template/download/babel-template-6.26.0.tgz",
          "integrity": "sha1-3gPi0WOWsGn0bdn/+FIfsaDjXgI=",
          "dev": true,
          "requires": {
            "babel-traverse": "^6.26.0",
            "babel-types": "^6.26.0",
            "babylon": "^6.18.0",
            "lodash": "^4.17.4"
          }
        },
        "babel-traverse": {
          "version": "6.26.0",
          "resolved": "http://registry.npm.taobao.org/babel-traverse/download/babel-traverse-6.26.0.tgz",
          "integrity": "sha1-RqnL1+3MYsjlwGTi0tjQ9ANXZu4=",
          "dev": true,
          "requires": {
            "babel-code-frame": "^6.26.0",
            "babel-messages": "^6.23.0",
            "babel-types": "^6.26.0",
            "babylon": "^6.18.0",
            "debug": "^2.6.8",
            "invariant": "^2.2.2",
            "lodash": "^4.17.4"
          }
        },
        "babel-types": {
          "version": "6.26.0",
          "resolved": "http://registry.npm.taobao.org/babel-types/download/babel-types-6.26.0.tgz",
          "integrity": "sha1-o7Bz+Uq0nrb6Vc1lInozQ4BjJJc=",
          "dev": true,
          "requires": {
            "esutils": "^2.0.2",
            "lodash": "^4.17.4"
          }
        },
        "babylon": {
          "version": "6.18.0",
          "resolved": "http://registry.npm.taobao.org/babylon/download/babylon-6.18.0.tgz",
          "integrity": "sha1-ry87iPpvXB5MY00aD46sT1WzleM=",
          "dev": true
        },
        "debug": {
          "version": "2.6.9",
          "resolved": "http://registry.npm.taobao.org/debug/download/debug-2.6.9.tgz",
          "integrity": "sha1-XRKFFd8TT/Mn6QpMk/Tgd6U2NB8=",
          "dev": true,
          "requires": {
            "ms": "2.0.0"
          }
        },
        "esutils": {
          "version": "2.0.2",
          "resolved": "http://registry.npm.taobao.org/esutils/download/esutils-2.0.2.tgz",
          "integrity": "sha1-Cr9PHKpbyx96nYrMbepPqqBLrJs=",
          "dev": true
        },
        "lodash": {
          "version": "4.17.11",
          "resolved": "http://registry.npm.taobao.org/lodash/download/lodash-4.17.11.tgz",
          "integrity": "sha1-s56mIp72B+zYniyN8SU2iRysm40=",
          "dev": true
        },
        "ms": {
          "version": "2.0.0",
          "resolved": "http://registry.npm.taobao.org/ms/download/ms-2.0.0.tgz",
          "integrity": "sha1-VgiurfwAvmwpAd9fmGF4jeDVl8g=",
          "dev": true
        },
        "regexpu-core": {
          "version": "2.0.0",
          "resolved": "http://registry.npm.taobao.org/regexpu-core/download/regexpu-core-2.0.0.tgz",
          "integrity": "sha1-SdA4g3uNz4v6W5pCE5k45uoq4kA=",
          "dev": true,
          "requires": {
            "regjsgen": "^0.2.0"
          }
        },
        "regjsgen": {
          "version": "0.2.0",
          "resolved": "http://registry.npm.taobao.org/regjsgen/download/regjsgen-0.2.0.tgz",
          "integrity": "sha1-bAFq3qxVT3WCP+N6wFuS1aTtsfc=",
          "dev": true
        },
        "semver": {
          "version": "5.6.0",
          "resolved": "http://registry.npm.taobao.org/semver/download/semver-5.6.0.tgz",
          "integrity": "sha1-fnQlb7qknHWqfHogXMInmcrIAAQ=",
          "dev": true
        }
      }
    },
    "cross-env": {
      "version": "5.2.0",
      "resolved": "http://registry.npm.taobao.org/cross-env/download/cross-env-5.2.0.tgz",
      "dev": true
    },
    "errno": {
      "version": "0.1.7",
      "resolved": "http://registry.npm.taobao.org/errno/download/errno-0.1.7.tgz",
      "dev": true,
      "optional": true,
      "dependencies": {
        "prr": {
          "version": "http://registry.npm.taobao.org/prr/download/prr-1.0.1.tgz",
          "bundled": true
        }
      }
    },
    "eslint": {
      "version": "3.19.0",
      "resolved": "http://registry.npm.taobao.org/eslint/download/eslint-3.19.0.tgz",
      "dev": true,
      "requires": {
        "babel-code-frame": "^6.16.0",
        "debug": "^2.1.1",
        "estraverse": "^4.2.0",
        "esutils": "^2.0.2",
        "lodash": "^4.0.0"
      },
      "dependencies": {
        "debug": {
          "version": "2.6.9",
          "resolved": "http://registry.npm.taobao.org/debug/download/debug-2.6.9.tgz",
          "integrity": "sha1-XRKFFd8TT/Mn6QpMk/Tgd6U2NB8=",
          "dev": true,
          "requires": {
            "ms": "2.0.0"
          }
        },
        "estraverse": {
          "version": "4.2.0",
          "resolved": "http://registry.npm.taobao.org/estraverse/download/estraverse-4.2.0.tgz",
          "integrity": "sha1-De4/7TH81GlhjOc0IJn8GvoL2xM=",
          "dev": true
        },
        "esutils": {
          "version": "2.0.2",
          "resolved": "http://registry.npm.taobao.org/esutils/download/esutils-2.0.2.tgz",
          "integrity": "sha1-Cr9PHKpbyx96nYrMbepPqqBLrJs=",
          "dev": true
        },
        "lodash": {
          "version": "4.17.11",
          "resolved": "http://registry.npm.taobao.org/lodash/download/lodash-4.17.11.tgz",
          "integrity": "sha1-s56mIp72B+zYniyN8SU2iRysm40=",
          "dev": true
        },
        "ms": {
          "version": "2.0.0",
          "resolved": "http://registry.npm.taobao.org/ms/download/ms-2.0.0.tgz",
          "integrity": "sha1-VgiurfwAvmwpAd9fmGF4jeDVl8g=",
          "dev": true
        }
      }
    },
    "eslint-config-standard": {
      "version": "7.1.0",
      "resolved": "http://registry.npm.taobao.org/eslint-config-standard/download/eslint-config-standard-7.1.0.tgz",
      "dev": true
    },
    "eslint-friendly-formatter": {
      "version": "2.0.7",
      "resolved": "http://registry.npm.taobao.org/eslint-friendly-formatter/download/eslint-friendly-formatter-2.0.7.tgz",
      "dev": true
    },
    "eslint-plugin-html": {
      "version": "2.0.3",
      "resolved": "http://registry.npm.taobao.org/eslint-plugin-html/download/eslint-plugin-html-2.0.3.tgz",
      "dev": true
    },
    "eslint-plugin-promise": {
      "version": "3.8.0",
      "resolved": "http://registry.npm.taobao.org/eslint-plugin-promise/download/eslint-plugin-promise-3.8.0.tgz",
      "dev": true
    },
    "eslint-plugin-standard": {
      "version": "2.3.1",
      "resolved": "http://registry.npm.taobao.org/eslint-plugin-standard/download/eslint-plugin-standard-2.3.1.tgz",
      "dev": true
    },
    "graceful-fs": {
      "version": "4.1.15",
      "resolved": "http://registry.npm.taobao.org/graceful-fs/download/graceful-fs-4.1.15.tgz",
      "dev": true,
      "optional": true
    },
    "invariant": {
      "version": "2.2.4",
      "resolved": "http://registry.npm.taobao.org/invariant/download/invariant-2.2.4.tgz"
    },
    "less": {
      "version": "3.9.0",
      "resolved": "http://registry.npm.taobao.org/less/download/less-3.9.0.tgz",
      "dev": true,
      "requires": {
        "errno": "^0.1.1",
        "graceful-fs": "^4.1.2"
      }
    },
    "promise-polyfill": {
      "version": "6.1.0",
      "resolved": "http://registry.npm.taobao.org/promise-polyfill/download/promise-polyfill-6.1.0.tgz"
    },
    "reduce-reducers": {
      "version": "0.4.3",
      "resolved": "http://registry.npm.taobao.org/reduce-reducers/download/reduce-reducers-0.4.3.tgz"
    },
    "redux": {
      "version": "3.7.2",
      "resolved": "http://registry.npm.taobao.org/redux/download/redux-3.7.2.tgz",
      "requires": {
        "lodash": "^4.2.1"
      },
      "dependencies": {
        "lodash": {
          "version": "4.17.11",
          "resolved": "http://registry.npm.taobao.org/lodash/download/lodash-4.17.11.tgz",
          "integrity": "sha1-s56mIp72B+zYniyN8SU2iRysm40="
        }
      }
    },
    "redux-actions": {
      "version": "2.6.5",
      "resolved": "http://registry.npm.taobao.org/redux-actions/download/redux-actions-2.6.5.tgz",
      "requires": {
        "invariant": "^2.2.4",
        "reduce-reducers": "^0.4.3"
      }
    },
    "redux-promise": {
      "version": "0.5.3",
      "resolved": "http://registry.npm.taobao.org/redux-promise/download/redux-promise-0.5.3.tgz"
    },
    "wepy": {
      "version": "1.7.2",
      "resolved": "http://registry.npm.taobao.org/wepy/download/wepy-1.7.2.tgz"
    },
    "wepy-async-function": {
      "version": "1.4.7",
      "resolved": "http://registry.npm.taobao.org/wepy-async-function/download/wepy-async-function-1.4.7.tgz",
      "requires": {
        "promise-polyfill": "^6.0.2",
        "regenerator-runtime": "^0.10.3"
      },
      "dependencies": {
        "regenerator-runtime": {
          "version": "0.10.5",
          "bundled": true
        }
      }
    },
    "wepy-com-toast": {
      "version": "1.0.2",
      "resolved": "http://registry.npm.taobao.org/wepy-com-toast/download/wepy-com-toast-1.0.2.tgz"
    },
    "wepy-compiler-babel": {
      "version": "1.5.3",
      "resolved": "http://registry.npm.taobao.org/wepy-compiler-babel/download/wepy-compiler-babel-1.5.3.tgz",
      "dev": true
    },
    "wepy-compiler-less": {
      "version": "1.3.14",
      "resolved": "http://registry.npm.taobao.org/wepy-compiler-less/download/wepy-compiler-less-1.3.14.tgz",
      "integrity": "sha1-vvuqrTVquc3/AnNAZ9X7bwkxekQ=",
      "dev": true
    },
    "wepy-eslint": {
      "version": "1.5.4",
      "resolved": "http://registry.npm.taobao.org/wepy-eslint/download/wepy-eslint-1.5.4.tgz",
      "dev": true
    },
    "wepy-redux": {
      "version": "1.5.9",
      "resolved": "http://registry.npm.taobao.org/wepy-redux/download/wepy-redux-1.5.9.tgz",
      "requires": {
        "redux": "^2.0.0 || ^3.0.0"
      }
    }
  }
}
